
Microsoft Visual Studio Solution File, Format Version 12.00
# Visual Studio Version 17
VisualStudioVersion = 17.4.32916.419
MinimumVisualStudioVersion = 10.0.40219.1
Project("{9A19103F-16F7-4668-BE54-9A1E7A4F7556}") = "MsgPackStructuredParser", "MsgPackStructuredParser\MsgPackStructuredParser.csproj", "{7EFCEA80-EE9D-46E3-BD46-DC51148785ED}"
EndProject
Project("{2150E333-8FDC-42A3-9474-1A3956D46DE8}") = "Solution Items", "Solution Items", "{8E88A3C5-D0B6-4C50-A395-48D69AB2C781}"
	ProjectSection(SolutionItems) = preProject
		.gitattributes = .gitattributes
		.gitignore = .gitignore
	EndProjectSection
EndProject
Global
	GlobalSection(SolutionConfigurationPlatforms) = preSolution
		Debug|Any CPU = Debug|Any CPU
		Release|Any CPU = Release|Any CPU
	EndGlobalSection
	GlobalSection(ProjectConfigurationPlatforms) = postSolution
		{7EFCEA80-EE9D-46E3-BD46-DC51148785ED}.Debug|Any CPU.ActiveCfg = Debug|Any CPU
		{7EFCEA80-EE9D-46E3-BD46-DC51148785ED}.Debug|Any CPU.Build.0 = Debug|Any CPU
		{7EFCEA80-EE9D-46E3-BD46-DC51148785ED}.Release|Any CPU.ActiveCfg = Release|Any CPU
		{7EFCEA80-EE9D-46E3-BD46-DC51148785ED}.Release|Any CPU.Build.0 = Release|Any CPU
	EndGlobalSection
	GlobalSection(SolutionProperties) = preSolution
		HideSolutionNode = FALSE
	EndGlobalSection
	GlobalSection(ExtensibilityGlobals) = postSolution
		SolutionGuid = {9393E955-0559-45CA-98C4-2322F5A0486F}
	EndGlobalSection
EndGlobal
