
Microsoft Visual Studio Solution File, Format Version 12.00
# Visual Studio Version 17
VisualStudioVersion = 17.4.32916.419
MinimumVisualStudioVersion = 10.0.40219.1
Project("{FAE04EC0-301F-11D3-BF4B-00C04F79EFBC}") = "MsgPackStructuredParser", "MsgPackStructuredParser\MsgPackStructuredParser.csproj", "{7EFCEA80-EE9D-46E3-BD46-DC51148785ED}"
EndProject
Global
	GlobalSection(SolutionConfigurationPlatforms) = preSolution
		Debug|Any CPU = Debug|Any CPU
		Release|Any CPU = Release|Any CPU
	EndGlobalSection
	GlobalSection(ProjectConfigurationPlatforms) = postSolution
		{7EFCEA80-EE9D-46E3-BD46-DC51148785ED}.Debug|Any CPU.ActiveCfg = Debug|Any CPU
		{7EFCEA80-EE9D-46E3-BD46-DC51148785ED}.Debug|Any CPU.Build.0 = Debug|Any CPU
		{7EFCEA80-EE9D-46E3-BD46-DC51148785ED}.Release|Any CPU.ActiveCfg = Release|Any CPU
		{7EFCEA80-EE9D-46E3-BD46-DC51148785ED}.Release|Any CPU.Build.0 = Release|Any CPU
	EndGlobalSection
	GlobalSection(SolutionProperties) = preSolution
		HideSolutionNode = FALSE
	EndGlobalSection
	GlobalSection(ExtensibilityGlobals) = postSolution
		SolutionGuid = {9393E955-0559-45CA-98C4-2322F5A0486F}
	EndGlobalSection
EndGlobal
